# THIS IS AN AUTOGENERATED FILE. DO NOT EDIT THIS FILE DIRECTLY.
# yarn lockfile v1


react-colorful@^5.5.1:
  version "5.5.1"
  resolved "https://registry.yarnpkg.com/react-colorful/-/react-colorful-5.5.1.tgz#29d9c4e496f2ca784dd2bb5053a3a4340cfaf784"
  integrity sha512-M1TJH2X3RXEt12sWkpa6hLc/bbYS0H6F4rIqjQZ+RxNBstpY67d9TrFXtqdZwhpmBXcCwEi7stKqFue3ZRkiOg==
